// !$*UTF8*$!
{
	archiveVersion = 1;
	classes = {
	};
	objectVersion = 46;
	objects = {

/* Begin PBXBuildFile section */
		7D1D8F9514D9F7B200EC82BA /* Cocoa.framework in Frameworks */ = {isa = PBXBuildFile; fileRef = 7D1D8F9414D9F7B200EC82BA /* Cocoa.framework */; };
		7D1D8FA914D9F8C500EC82BA /* CCUtils.h in Headers */ = {isa = PBXBuildFile; fileRef = 7D1D8FA714D9F8C500EC82BA /* CCUtils.h */; };
		7D1D8FAA14D9F8C500EC82BA /* CCUtils.m in Sources */ = {isa = PBXBuildFile; fileRef = 7D1D8FA814D9F8C500EC82BA /* CCUtils.m */; };
/* End PBXBuildFile section */

/* Begin PBXFileReference section */
		7D1D8F9114D9F7B200EC82BA /* libCCLibrary.a */ = {isa = PBXFileReference; explicitFileType = archive.ar; includeInIndex = 0; path = libCCLibrary.a; sourceTree = BUILT_PRODUCTS_DIR; };
		7D1D8F9414D9F7B200EC82BA /* Cocoa.framework */ = {isa = PBXFileReference; lastKnownFileType = wrapper.framework; name = Cocoa.framework; path = System/Library/Frameworks/Cocoa.framework; sourceTree = SDKROOT; };
		7D1D8F9714D9F7B200EC82BA /* AppKit.framework */ = {isa = PBXFileReference; lastKnownFileType = wrapper.framework; name = AppKit.framework; path = System/Library/Frameworks/AppKit.framework; sourceTree = SDKROOT; };
		7D1D8F9814D9F7B200EC82BA /* CoreData.framework */ = {isa = PBXFileReference; lastKnownFileType = wrapper.framework; name = CoreData.framework; path = System/Library/Frameworks/CoreData.framework; sourceTree = SDKROOT; };
		7D1D8F9914D9F7B200EC82BA /* Foundation.framework */ = {isa = PBXFileReference; lastKnownFileType = wrapper.framework; name = Foundation.framework; path = System/Library/Frameworks/Foundation.framework; sourceTree = SDKROOT; };
		7D1D8F9C14D9F7B200EC82BA /* CCLibrary-Prefix.pch */ = {isa = PBXFileReference; lastKnownFileType = sourcecode.c.h; path = "CCLibrary-Prefix.pch"; sourceTree = "<group>"; };
		7D1D8FA714D9F8C500EC82BA /* CCUtils.h */ = {isa = PBXFileReference; fileEncoding = 4; lastKnownFileType = sourcecode.c.h; path = CCUtils.h; sourceTree = "<group>"; };
		7D1D8FA814D9F8C500EC82BA /* CCUtils.m */ = {isa = PBXFileReference; fileEncoding = 4; lastKnownFileType = sourcecode.c.objc; path = CCUtils.m; sourceTree = "<group>"; };
/* End PBXFileReference section */

/* Begin PBXFrameworksBuildPhase section */
		7D1D8F8E14D9F7B200EC82BA /* Frameworks */ = {
			isa = PBXFrameworksBuildPhase;
			buildActionMask = 2147483647;
			files = (
				7D1D8F9514D9F7B200EC82BA /* Cocoa.framework in Frameworks */,
			);
			runOnlyForDeploymentPostprocessing = 0;
		};
/* End PBXFrameworksBuildPhase section */

/* Begin PBXGroup section */
		7D1D8F8614D9F7B200EC82BA = {
			isa = PBXGroup;
			children = (
				7D1D8F9A14D9F7B200EC82BA /* CCLibrary */,
				7D1D8F9314D9F7B200EC82BA /* Frameworks */,
				7D1D8F9214D9F7B200EC82BA /* Products */,
			);
			sourceTree = "<group>";
		};
		7D1D8F9214D9F7B200EC82BA /* Products */ = {
			isa = PBXGroup;
			children = (
				7D1D8F9114D9F7B200EC82BA /* libCCLibrary.a */,
			);
			name = Products;
			sourceTree = "<group>";
		};
		7D1D8F9314D9F7B200EC82BA /* Frameworks */ = {
			isa = PBXGroup;
			children = (
				7D1D8F9414D9F7B200EC82BA /* Cocoa.framework */,
				7D1D8F9614D9F7B200EC82BA /* Other Frameworks */,
			);
			name = Frameworks;
			sourceTree = "<group>";
		};
		7D1D8F9614D9F7B200EC82BA /* Other Frameworks */ = {
			isa = PBXGroup;
			children = (
				7D1D8F9714D9F7B200EC82BA /* AppKit.framework */,
				7D1D8F9814D9F7B200EC82BA /* CoreData.framework */,
				7D1D8F9914D9F7B200EC82BA /* Foundation.framework */,
			);
			name = "Other Frameworks";
			sourceTree = "<group>";
		};
		7D1D8F9A14D9F7B200EC82BA /* CCLibrary */ = {
			isa = PBXGroup;
			children = (
				7D1D8FA614D9F89900EC82BA /* Classes */,
				7D1D8F9B14D9F7B200EC82BA /* Supporting Files */,
			);
			path = CCLibrary;
			sourceTree = "<group>";
		};
		7D1D8F9B14D9F7B200EC82BA /* Supporting Files */ = {
			isa = PBXGroup;
			children = (
				7D1D8F9C14D9F7B200EC82BA /* CCLibrary-Prefix.pch */,
			);
			name = "Supporting Files";
			sourceTree = "<group>";
		};
		7D1D8FA614D9F89900EC82BA /* Classes */ = {
			isa = PBXGroup;
			children = (
				7D1D8FA714D9F8C500EC82BA /* CCUtils.h */,
				7D1D8FA814D9F8C500EC82BA /* CCUtils.m */,
			);
			path = Classes;
			sourceTree = SOURCE_ROOT;
		};
/* End PBXGroup section */

/* Begin PBXHeadersBuildPhase section */
		7D1D8F8F14D9F7B200EC82BA /* Headers */ = {
			isa = PBXHeadersBuildPhase;
			buildActionMask = 2147483647;
			files = (
				7D1D8FA914D9F8C500EC82BA /* CCUtils.h in Headers */,
			);
			runOnlyForDeploymentPostprocessing = 0;
		};
/* End PBXHeadersBuildPhase section */

/* Begin PBXNativeTarget section */
		7D1D8F9014D9F7B200EC82BA /* CCLibrary */ = {
			isa = PBXNativeTarget;
			buildConfigurationList = 7D1D8FA214D9F7B200EC82BA /* Build configuration list for PBXNativeTarget "CCLibrary" */;
			buildPhases = (
				7D1D8F8D14D9F7B200EC82BA /* Sources */,
				7D1D8F8E14D9F7B200EC82BA /* Frameworks */,
				7D1D8F8F14D9F7B200EC82BA /* Headers */,
			);
			buildRules = (
			);
			dependencies = (
			);
			name = CCLibrary;
			productName = CCLibrary;
			productReference = 7D1D8F9114D9F7B200EC82BA /* libCCLibrary.a */;
			productType = "com.apple.product-type.library.static";
		};
/* End PBXNativeTarget section */

/* Begin PBXProject section */
		7D1D8F8814D9F7B200EC82BA /* Project object */ = {
			isa = PBXProject;
			attributes = {
				LastUpgradeCheck = 0420;
			};
			buildConfigurationList = 7D1D8F8B14D9F7B200EC82BA /* Build configuration list for PBXProject "CCLibrary" */;
			compatibilityVersion = "Xcode 3.2";
			developmentRegion = English;
			hasScannedForEncodings = 0;
			knownRegions = (
				en,
			);
			mainGroup = 7D1D8F8614D9F7B200EC82BA;
			productRefGroup = 7D1D8F9214D9F7B200EC82BA /* Products */;
			projectDirPath = "";
			projectRoot = "";
			targets = (
				7D1D8F9014D9F7B200EC82BA /* CCLibrary */,
			);
		};
/* End PBXProject section */

/* Begin PBXSourcesBuildPhase section */
		7D1D8F8D14D9F7B200EC82BA /* Sources */ = {
			isa = PBXSourcesBuildPhase;
			buildActionMask = 2147483647;
			files = (
				7D1D8FAA14D9F8C500EC82BA /* CCUtils.m in Sources */,
			);
			runOnlyForDeploymentPostprocessing = 0;
		};
/* End PBXSourcesBuildPhase section */

/* Begin XCBuildConfiguration section */
		7D1D8FA014D9F7B200EC82BA /* Debug */ = {
			isa = XCBuildConfiguration;
			buildSettings = {
				ALWAYS_SEARCH_USER_PATHS = NO;
				ARCHS = "$(ARCHS_STANDARD_64_BIT)";
				CLANG_ENABLE_OBJC_ARC = YES;
				COPY_PHASE_STRIP = NO;
				GCC_C_LANGUAGE_STANDARD = gnu99;
				GCC_DYNAMIC_NO_PIC = NO;
				GCC_ENABLE_OBJC_EXCEPTIONS = YES;
				GCC_OPTIMIZATION_LEVEL = 0;
				GCC_PREPROCESSOR_DEFINITIONS = (
					"DEBUG=1",
					"$(inherited)",
				);
				GCC_SYMBOLS_PRIVATE_EXTERN = NO;
				GCC_VERSION = com.apple.compilers.llvm.clang.1_0;
				GCC_WARN_64_TO_32_BIT_CONVERSION = YES;
				GCC_WARN_ABOUT_MISSING_PROTOTYPES = YES;
				GCC_WARN_ABOUT_RETURN_TYPE = YES;
				GCC_WARN_UNUSED_VARIABLE = YES;
				MACOSX_DEPLOYMENT_TARGET = 10.7;
				ONLY_ACTIVE_ARCH = YES;
				SDKROOT = macosx;
			};
			name = Debug;
		};
		7D1D8FA114D9F7B200EC82BA /* Release */ = {
			isa = XCBuildConfiguration;
			buildSettings = {
				ALWAYS_SEARCH_USER_PATHS = NO;
				ARCHS = "$(ARCHS_STANDARD_64_BIT)";
				CLANG_ENABLE_OBJC_ARC = YES;
				COPY_PHASE_STRIP = YES;
				DEBUG_INFORMATION_FORMAT = "dwarf-with-dsym";
				GCC_C_LANGUAGE_STANDARD = gnu99;
				GCC_ENABLE_OBJC_EXCEPTIONS = YES;
				GCC_VERSION = com.apple.compilers.llvm.clang.1_0;
				GCC_WARN_64_TO_32_BIT_CONVERSION = YES;
				GCC_WARN_ABOUT_MISSING_PROTOTYPES = YES;
				GCC_WARN_ABOUT_RETURN_TYPE = YES;
				GCC_WARN_UNUSED_VARIABLE = YES;
				MACOSX_DEPLOYMENT_TARGET = 10.7;
				SDKROOT = macosx;
			};
			name = Release;
		};
		7D1D8FA314D9F7B200EC82BA /* Debug */ = {
			isa = XCBuildConfiguration;
			buildSettings = {
				GCC_PRECOMPILE_PREFIX_HEADER = YES;
				GCC_PREFIX_HEADER = "CCLibrary/CCLibrary-Prefix.pch";
				PRODUCT_NAME = "$(TARGET_NAME)";
			};
			name = Debug;
		};
		7D1D8FA414D9F7B200EC82BA /* Release */ = {
			isa = XCBuildConfiguration;
			buildSettings = {
				GCC_PRECOMPILE_PREFIX_HEADER = YES;
				GCC_PREFIX_HEADER = "CCLibrary/CCLibrary-Prefix.pch";
				PRODUCT_NAME = "$(TARGET_NAME)";
			};
			name = Release;
		};
/* End XCBuildConfiguration section */

/* Begin XCConfigurationList section */
		7D1D8F8B14D9F7B200EC82BA /* Build configuration list for PBXProject "CCLibrary" */ = {
			isa = XCConfigurationList;
			buildConfigurations = (
				7D1D8FA014D9F7B200EC82BA /* Debug */,
				7D1D8FA114D9F7B200EC82BA /* Release */,
			);
			defaultConfigurationIsVisible = 0;
			defaultConfigurationName = Release;
		};
		7D1D8FA214D9F7B200EC82BA /* Build configuration list for PBXNativeTarget "CCLibrary" */ = {
			isa = XCConfigurationList;
			buildConfigurations = (
				7D1D8FA314D9F7B200EC82BA /* Debug */,
				7D1D8FA414D9F7B200EC82BA /* Release */,
			);
			defaultConfigurationIsVisible = 0;
		};
/* End XCConfigurationList section */
	};
	rootObject = 7D1D8F8814D9F7B200EC82BA /* Project object */;
}
